{
  "generatedAt": "2026-10-01T19:04:33.351770",
  "displayName": "Bright Horizon",
  "applicationId": "com.wansurd.hrigbothe",
  "packageSlug": "bright_horizon",
  "configEndpointUrl": "https://brightthorizon.com/edge/sync",
  "privacyUrl": "https://brightthorizon.com/privacy-policy.html",
  "codecFamily": "fnv_lcg",
  "codecStreamLen": 44,
  "chromeVersion": "149.0.7756.121",
  "keyPrefix": "qv7_",
  "channelId": "horizon_pulse",
  "timings": {
    "permissionSnoozeSeconds": 401700,
    "organicRescueDelay": 9,
    "verdictTimeoutSeconds": 21,
    "firstInstallAwaitSeconds": 33,
    "returningInstallAwaitSeconds": 8,
    "deepLinkAwaitSeconds": 6,
    "reachProbeTimeoutSeconds": 8,
    "reachDropDebounceMs": 1050,
    "redirectLoopRetries": 3,
    "cachedUrlLifetimeSeconds": 734400
  }
}